<?xml version="1.0" encoding="utf-8"?>
<Project ToolsVersion="4.0" xmlns="http://schemas.microsoft.com/developer/msbuild/2003">
  <ItemGroup>
    <Filter Include="源文件">
      <UniqueIdentifier>{4FC737F1-C7A5-4376-A066-2A32D752A2FF}</UniqueIdentifier>
      <Extensions>cpp;c;cc;cxx;c++;cppm;ixx;def;odl;idl;hpj;bat;asm;asmx</Extensions>
    </Filter>
    <Filter Include="头文件">
      <UniqueIdentifier>{93995380-89BD-4b04-88EB-625FBE52EBFB}</UniqueIdentifier>
      <Extensions>h;hh;hpp;hxx;h++;hm;inl;inc;ipp;xsd</Extensions>
    </Filter>
    <Filter Include="资源文件">
      <UniqueIdentifier>{67DA6AB6-F800-4c08-8B7A-83BB121AAD01}</UniqueIdentifier>
      <Extensions>rc;ico;cur;bmp;dlg;rc2;rct;bin;rgs;gif;jpg;jpeg;jpe;resx;tiff;tif;png;wav;mfcribbon-ms</Extensions>
    </Filter>
    <Filter Include="头文件\base">
      <UniqueIdentifier>{29cce369-3c91-4c25-a873-380c3546336d}</UniqueIdentifier>
    </Filter>
    <Filter Include="头文件\hittable">
      <UniqueIdentifier>{e521eb5a-9132-40e9-a281-671c0639b88b}</UniqueIdentifier>
    </Filter>
    <Filter Include="头文件\material">
      <UniqueIdentifier>{78ef286e-9441-4f42-ad81-67bafbcb3c83}</UniqueIdentifier>
    </Filter>
    <Filter Include="头文件\utility">
      <UniqueIdentifier>{750519c3-8915-448f-bf0b-b8991b557e01}</UniqueIdentifier>
    </Filter>
    <Filter Include="imgui">
      <UniqueIdentifier>{cbafb22f-6308-4652-b49f-00420558da93}</UniqueIdentifier>
    </Filter>
  </ItemGroup>
  <ItemGroup>
    <ClCompile Include="main.cpp">
      <Filter>源文件</Filter>
    </ClCompile>
    <ClCompile Include="image.cpp">
      <Filter>源文件</Filter>
    </ClCompile>
    <ClCompile Include="imgui\imgui.cpp">
      <Filter>imgui</Filter>
    </ClCompile>
    <ClCompile Include="imgui\imgui_demo.cpp">
      <Filter>imgui</Filter>
    </ClCompile>
    <ClCompile Include="imgui\imgui_draw.cpp">
      <Filter>imgui</Filter>
    </ClCompile>
    <ClCompile Include="imgui\backends\imgui_impl_dx12.cpp">
      <Filter>imgui</Filter>
    </ClCompile>
    <ClCompile Include="imgui\backends\imgui_impl_win32.cpp">
      <Filter>imgui</Filter>
    </ClCompile>
    <ClCompile Include="imgui\imgui_widgets.cpp">
      <Filter>imgui</Filter>
    </ClCompile>
    <ClCompile Include="imgui\imgui_tables.cpp">
      <Filter>imgui</Filter>
    </ClCompile>
    <ClCompile Include="common.cpp">
      <Filter>源文件</Filter>
    </ClCompile>
    <ClCompile Include="scene.cpp">
      <Filter>源文件</Filter>
    </ClCompile>
  </ItemGroup>
  <ItemGroup>
    <ClInclude Include="base\aabb.h">
      <Filter>头文件\base</Filter>
    </ClInclude>
    <ClInclude Include="base\color.h">
      <Filter>头文件\base</Filter>
    </ClInclude>
    <ClInclude Include="base\interval.h">
      <Filter>头文件\base</Filter>
    </ClInclude>
    <ClInclude Include="base\onb.h">
      <Filter>头文件\base</Filter>
    </ClInclude>
    <ClInclude Include="base\point3.h">
      <Filter>头文件\base</Filter>
    </ClInclude>
    <ClInclude Include="base\ray.h">
      <Filter>头文件\base</Filter>
    </ClInclude>
    <ClInclude Include="base\vec3.h">
      <Filter>头文件\base</Filter>
    </ClInclude>
    <ClInclude Include="hittable\bvh_node.h">
      <Filter>头文件\hittable</Filter>
    </ClInclude>
    <ClInclude Include="hittable\constant_medium.h">
      <Filter>头文件\hittable</Filter>
    </ClInclude>
    <ClInclude Include="hittable\hittable.h">
      <Filter>头文件\hittable</Filter>
    </ClInclude>
    <ClInclude Include="hittable\hittable_list.h">
      <Filter>头文件\hittable</Filter>
    </ClInclude>
    <ClInclude Include="hittable\quad.h">
      <Filter>头文件\hittable</Filter>
    </ClInclude>
    <ClInclude Include="hittable\sphere.h">
      <Filter>头文件\hittable</Filter>
    </ClInclude>
    <ClInclude Include="material\material.h">
      <Filter>头文件\material</Filter>
    </ClInclude>
    <ClInclude Include="material\pdf.h">
      <Filter>头文件\material</Filter>
    </ClInclude>
    <ClInclude Include="material\perlin.h">
      <Filter>头文件\material</Filter>
    </ClInclude>
    <ClInclude Include="material\texture.h">
      <Filter>头文件\material</Filter>
    </ClInclude>
    <ClInclude Include="utility\common.h">
      <Filter>头文件\utility</Filter>
    </ClInclude>
    <ClInclude Include="utility\logger.h">
      <Filter>头文件\utility</Filter>
    </ClInclude>
    <ClInclude Include="utility\scene.h">
      <Filter>头文件\utility</Filter>
    </ClInclude>
    <ClInclude Include="utility\singleton.h">
      <Filter>头文件\utility</Filter>
    </ClInclude>
    <ClInclude Include="utility\status.h">
      <Filter>头文件\utility</Filter>
    </ClInclude>
    <ClInclude Include="utility\ui_helper.h">
      <Filter>头文件\utility</Filter>
    </ClInclude>
    <ClInclude Include="hittable\triangle.h">
      <Filter>头文件\hittable</Filter>
    </ClInclude>
    <ClInclude Include="utility\resource.h">
      <Filter>头文件\utility</Filter>
    </ClInclude>
    <ClInclude Include="utility\camera.h">
      <Filter>头文件\utility</Filter>
    </ClInclude>
    <ClInclude Include="utility\image.h">
      <Filter>头文件\utility</Filter>
    </ClInclude>
  </ItemGroup>
  <ItemGroup>
    <ResourceCompile Include="BitRenderer.rc">
      <Filter>资源文件</Filter>
    </ResourceCompile>
  </ItemGroup>
  <ItemGroup>
    <Image Include="resource\logo.ico">
      <Filter>资源文件</Filter>
    </Image>
  </ItemGroup>
</Project>